
Microsoft Visual Studio Solution File, Format Version 12.00
# Visual Studio 15
VisualStudioVersion = 15.0.27703.2000
MinimumVisualStudioVersion = 10.0.40219.1
Project("{FAE04EC0-301F-11D3-BF4B-00C04F79EFBC}") = "POS", "POS\POS.csproj", "{DBE60C9E-54EA-4108-8657-37BDB971EDE0}"
EndProject
Project("{FAE04EC0-301F-11D3-BF4B-00C04F79EFBC}") = "POS_Tests", "POS_Tests\POS_Tests.csproj", "{9E3C591A-842F-454B-BED7-B2D1A7C48B98}"
EndProject
Global
	GlobalSection(SolutionConfigurationPlatforms) = preSolution
		Debug|Any CPU = Debug|Any CPU
		Release|Any CPU = Release|Any CPU
	EndGlobalSection
	GlobalSection(ProjectConfigurationPlatforms) = postSolution
		{DBE60C9E-54EA-4108-8657-37BDB971EDE0}.Debug|Any CPU.ActiveCfg = Debug|Any CPU
		{DBE60C9E-54EA-4108-8657-37BDB971EDE0}.Debug|Any CPU.Build.0 = Debug|Any CPU
		{DBE60C9E-54EA-4108-8657-37BDB971EDE0}.Release|Any CPU.ActiveCfg = Release|Any CPU
		{DBE60C9E-54EA-4108-8657-37BDB971EDE0}.Release|Any CPU.Build.0 = Release|Any CPU
		{9E3C591A-842F-454B-BED7-B2D1A7C48B98}.Debug|Any CPU.ActiveCfg = Debug|Any CPU
		{9E3C591A-842F-454B-BED7-B2D1A7C48B98}.Debug|Any CPU.Build.0 = Debug|Any CPU
		{9E3C591A-842F-454B-BED7-B2D1A7C48B98}.Release|Any CPU.ActiveCfg = Release|Any CPU
		{9E3C591A-842F-454B-BED7-B2D1A7C48B98}.Release|Any CPU.Build.0 = Release|Any CPU
	EndGlobalSection
	GlobalSection(SolutionProperties) = preSolution
		HideSolutionNode = FALSE
	EndGlobalSection
	GlobalSection(ExtensibilityGlobals) = postSolution
		SolutionGuid = {F484368A-83A1-4660-A96A-ABAF3DAB1F01}
	EndGlobalSection
EndGlobal
